
Microsoft Visual Studio Solution File, Format Version 12.00
# Visual Studio 2012
Project("{FAE04EC0-301F-11D3-BF4B-00C04F79EFBC}") = "SortExampleIComparer", "SortExampleIComparer\SortExampleIComparer.csproj", "{A9BC5141-F764-4E32-80E4-44490D30297C}"
EndProject
Global
	GlobalSection(SolutionConfigurationPlatforms) = preSolution
		Debug|x86 = Debug|x86
		Release|x86 = Release|x86
	EndGlobalSection
	GlobalSection(ProjectConfigurationPlatforms) = postSolution
		{A9BC5141-F764-4E32-80E4-44490D30297C}.Debug|x86.ActiveCfg = Debug|x86
		{A9BC5141-F764-4E32-80E4-44490D30297C}.Debug|x86.Build.0 = Debug|x86
		{A9BC5141-F764-4E32-80E4-44490D30297C}.Release|x86.ActiveCfg = Release|x86
		{A9BC5141-F764-4E32-80E4-44490D30297C}.Release|x86.Build.0 = Release|x86
	EndGlobalSection
EndGlobal
