
Microsoft Visual Studio Solution File, Format Version 12.00
# Visual Studio 2012
Project("{FAE04EC0-301F-11D3-BF4B-00C04F79EFBC}") = "IList", "IList\IList.csproj", "{DC3FB656-B80F-4EC0-BA3A-9D9557938756}"
EndProject
Global
	GlobalSection(SolutionConfigurationPlatforms) = preSolution
		Debug|x86 = Debug|x86
		Release|x86 = Release|x86
	EndGlobalSection
	GlobalSection(ProjectConfigurationPlatforms) = postSolution
		{DC3FB656-B80F-4EC0-BA3A-9D9557938756}.Debug|x86.ActiveCfg = Debug|x86
		{DC3FB656-B80F-4EC0-BA3A-9D9557938756}.Debug|x86.Build.0 = Debug|x86
		{DC3FB656-B80F-4EC0-BA3A-9D9557938756}.Release|x86.ActiveCfg = Release|x86
		{DC3FB656-B80F-4EC0-BA3A-9D9557938756}.Release|x86.Build.0 = Release|x86
	EndGlobalSection
EndGlobal
