
Microsoft Visual Studio Solution File, Format Version 12.00
# Visual Studio 2012
Project("{FAE04EC0-301F-11D3-BF4B-00C04F79EFBC}") = "ArrayProb2", "ArrayProb2\ArrayProb2.csproj", "{41BD0D1E-F833-45BB-A4DE-D9A329B1F5A3}"
EndProject
Global
	GlobalSection(SolutionConfigurationPlatforms) = preSolution
		Debug|x86 = Debug|x86
		Release|x86 = Release|x86
	EndGlobalSection
	GlobalSection(ProjectConfigurationPlatforms) = postSolution
		{41BD0D1E-F833-45BB-A4DE-D9A329B1F5A3}.Debug|x86.ActiveCfg = Debug|x86
		{41BD0D1E-F833-45BB-A4DE-D9A329B1F5A3}.Debug|x86.Build.0 = Debug|x86
		{41BD0D1E-F833-45BB-A4DE-D9A329B1F5A3}.Release|x86.ActiveCfg = Release|x86
		{41BD0D1E-F833-45BB-A4DE-D9A329B1F5A3}.Release|x86.Build.0 = Release|x86
	EndGlobalSection
EndGlobal
