
Microsoft Visual Studio Solution File, Format Version 12.00
# Visual Studio 2012
Project("{FAE04EC0-301F-11D3-BF4B-00C04F79EFBC}") = "BinaryTreeFirstPage", "BinaryTreeFirstPage\BinaryTreeFirstPage.csproj", "{7617E127-2E87-403C-B918-FE4FC9067961}"
EndProject
Global
	GlobalSection(SolutionConfigurationPlatforms) = preSolution
		Debug|iPhoneSimulator = Debug|iPhoneSimulator
		Release|iPhone = Release|iPhone
		Release|iPhoneSimulator = Release|iPhoneSimulator
		Debug|iPhone = Debug|iPhone
	EndGlobalSection
	GlobalSection(ProjectConfigurationPlatforms) = postSolution
		{7617E127-2E87-403C-B918-FE4FC9067961}.Debug|iPhone.ActiveCfg = Debug|iPhone
		{7617E127-2E87-403C-B918-FE4FC9067961}.Debug|iPhone.Build.0 = Debug|iPhone
		{7617E127-2E87-403C-B918-FE4FC9067961}.Debug|iPhoneSimulator.ActiveCfg = Debug|iPhoneSimulator
		{7617E127-2E87-403C-B918-FE4FC9067961}.Debug|iPhoneSimulator.Build.0 = Debug|iPhoneSimulator
		{7617E127-2E87-403C-B918-FE4FC9067961}.Release|iPhone.ActiveCfg = Release|iPhone
		{7617E127-2E87-403C-B918-FE4FC9067961}.Release|iPhone.Build.0 = Release|iPhone
		{7617E127-2E87-403C-B918-FE4FC9067961}.Release|iPhoneSimulator.ActiveCfg = Release|iPhoneSimulator
		{7617E127-2E87-403C-B918-FE4FC9067961}.Release|iPhoneSimulator.Build.0 = Release|iPhoneSimulator
	EndGlobalSection
EndGlobal
